# Generated by conda-lock.
# platform: linux-64
# input_hash: b9088e3ab6f753cd9ab2879d6fc52f4596ec8ecd8536a4aae584e6bc05254363
@EXPLICIT
https://conda.anaconda.org/conda-forge/linux-64/_libgcc_mutex-0.1-conda_forge.tar.bz2#d7c89558ba9fa0495403155b64376d81
https://conda.anaconda.org/conda-forge/linux-64/ca-certificates-2021.10.8-ha878542_0.tar.bz2#575611b8a84f45960e87722eeb51fa26
https://conda.anaconda.org/conda-forge/linux-64/ld_impl_linux-64-2.36.1-hea4e1c9_2.tar.bz2#bd4f2e711b39af170e7ff15163fe87ee
https://conda.anaconda.org/conda-forge/linux-64/libstdcxx-ng-11.2.0-he4da1e4_11.tar.bz2#0bf83958e788f1e75ba26154cb702afe
https://conda.anaconda.org/conda-forge/linux-64/libgomp-11.2.0-h1d223b6_11.tar.bz2#1d16527c76842bf9c41e9399d39d8097
https://conda.anaconda.org/conda-forge/linux-64/_openmp_mutex-4.5-1_gnu.tar.bz2#561e277319a41d4f24f5c05a9ef63c04
https://conda.anaconda.org/conda-forge/linux-64/libgcc-ng-11.2.0-h1d223b6_11.tar.bz2#e3495f4f93cfd6b68021cbe2b5844cd5
https://conda.anaconda.org/conda-forge/linux-64/bzip2-1.0.8-h7f98852_4.tar.bz2#a1fd65c7ccbf10880423d82bca54eb54
https://conda.anaconda.org/conda-forge/linux-64/c-ares-1.18.1-h7f98852_0.tar.bz2#f26ef8098fab1f719c91eb760d63381a
https://conda.anaconda.org/conda-forge/linux-64/expat-2.4.1-h9c3ff4c_0.tar.bz2#16054ef3cb3ec5d8d29d08772662f65d
https://conda.anaconda.org/conda-forge/linux-64/icu-68.2-h9c3ff4c_0.tar.bz2#6618c9b191638993f2a818c6529e1b49
https://conda.anaconda.org/conda-forge/linux-64/libev-4.33-h516909a_1.tar.bz2#6f8720dff19e17ce5d48cfe7f3d2f0a3
https://conda.anaconda.org/conda-forge/linux-64/libffi-3.4.2-h7f98852_5.tar.bz2#d645c6d2ac96843a2bfaccd2d62b3ac3
https://conda.anaconda.org/conda-forge/linux-64/libiconv-1.16-h516909a_0.tar.bz2#5c0f338a513a2943c659ae619fca9211
https://conda.anaconda.org/conda-forge/linux-64/libnsl-2.0.0-h7f98852_0.tar.bz2#39b1328babf85c7c3a61636d9cd50206
https://conda.anaconda.org/conda-forge/linux-64/libuv-1.42.0-h7f98852_0.tar.bz2#5b3e8d9da3e6a68a0e945c37eef6b472
https://conda.anaconda.org/conda-forge/linux-64/libzlib-1.2.11-h36c2ea0_1013.tar.bz2#dcddf696ff5dfcab567100d691678e18
https://conda.anaconda.org/conda-forge/linux-64/ncurses-6.2-h58526e2_4.tar.bz2#509f2a21c4a09214cd737a480dfd80c9
https://conda.anaconda.org/conda-forge/linux-64/openssl-1.1.1l-h7f98852_0.tar.bz2#de7b38a1542dbe6f41653a8ae71adc53
https://conda.anaconda.org/conda-forge/linux-64/perl-5.32.1-1_h7f98852_perl5.tar.bz2#fd3af8340768b6e562bf0308077162df
https://conda.anaconda.org/conda-forge/linux-64/xz-5.2.5-h516909a_1.tar.bz2#33f601066901f3e1a85af3522a8113f9
https://conda.anaconda.org/conda-forge/linux-64/gettext-0.19.8.1-h73d1719_1008.tar.bz2#af49250eca8e139378f8ff0ae9e57251
https://conda.anaconda.org/conda-forge/linux-64/libedit-3.1.20191231-he28a2e2_2.tar.bz2#4d331e44109e3f0e19b4cb8f9b82f3e1
https://conda.anaconda.org/conda-forge/linux-64/readline-8.1-h46c0cb4_0.tar.bz2#5788de3c8d7a7d64ac56c784c4ef48e6
https://conda.anaconda.org/conda-forge/linux-64/zlib-1.2.11-h36c2ea0_1013.tar.bz2#cf7190238072a41e9579e4476a6a60b8
https://conda.anaconda.org/conda-forge/linux-64/libnghttp2-1.43.0-h812cca2_1.tar.bz2#d0a7846b7b3b8fb0d8b36904a53b8155
https://conda.anaconda.org/conda-forge/linux-64/libssh2-1.10.0-ha56f1ee_2.tar.bz2#6ab4eaa11ff01801cffca0a27489dc04
https://conda.anaconda.org/conda-forge/linux-64/nodejs-14.17.4-h92b4a50_0.tar.bz2#e6e81754fbab03fcc3cde8aff8545467
https://conda.anaconda.org/conda-forge/linux-64/pcre2-10.37-h032f7d1_0.tar.bz2#6469e4602e914febe6f057ad2271a54e
https://conda.anaconda.org/conda-forge/linux-64/sqlite-3.37.0-h9cd32fc_0.tar.bz2#eb66fc098824d25518a79e83d12a81d6
https://conda.anaconda.org/conda-forge/linux-64/tk-8.6.11-h27826a3_1.tar.bz2#84e76fb280e735fec1efd2d21fd9cb27
https://conda.anaconda.org/conda-forge/linux-64/configurable-http-proxy-4.5.0-node14_hfc12e6c_1.tar.bz2#cbda4aaea468b0a7d096ce170dd3ed53
https://conda.anaconda.org/conda-forge/linux-64/krb5-1.19.2-hcc1bbae_3.tar.bz2#e29650992ae593bc05fc93722483e5c3
https://conda.anaconda.org/conda-forge/linux-64/python-3.8.12-hb7a2778_2_cpython.tar.bz2#148ea076514259c7f562fbfba956a693
https://conda.anaconda.org/conda-forge/noarch/async_generator-1.10-py_0.tar.bz2#d56c596e61b1c4952acf0a9920856c12
https://conda.anaconda.org/conda-forge/noarch/attrs-21.2.0-pyhd8ed1ab_0.tar.bz2#d2e1c7f388ac403df7079b411c37cc50
https://conda.anaconda.org/conda-forge/noarch/blinker-1.4-py_1.tar.bz2#fa509a09190583f869ae442bf4d17f5f
https://conda.anaconda.org/conda-forge/noarch/charset-normalizer-2.0.9-pyhd8ed1ab_0.tar.bz2#a57a3f6f2b0a7400e340f850c405df19
https://conda.anaconda.org/conda-forge/noarch/entrypoints-0.3-pyhd8ed1ab_1003.tar.bz2#bbf9a201f6ce99a506f4955374d9a9f4
https://conda.anaconda.org/conda-forge/noarch/idna-3.1-pyhd3deb0d_0.tar.bz2#9c9aea4b8391264477df484f798562d0
https://conda.anaconda.org/conda-forge/linux-64/libcurl-7.80.0-h2574ce0_0.tar.bz2#5d0784b790350f7939bb5d3f2c32e700
https://conda.anaconda.org/conda-forge/noarch/pamela-1.0.0-py_0.tar.bz2#36f6f18d2f3ae0c93d77a9dbedad08c3
https://conda.anaconda.org/conda-forge/noarch/prometheus_client-0.12.0-pyhd8ed1ab_0.tar.bz2#d7b366cccdf2c1e8ebdddbfff7c2ba00
https://conda.anaconda.org/conda-forge/noarch/pycparser-2.21-pyhd8ed1ab_0.tar.bz2#076becd9e05608f8dc72757d5f3a91ff
https://conda.anaconda.org/conda-forge/noarch/pyjwt-2.3.0-pyhd8ed1ab_1.tar.bz2#b7bc0de380f114658af5fe57cebdcd9e
https://conda.anaconda.org/conda-forge/noarch/python-json-logger-2.0.1-pyh9f0ad1d_0.tar.bz2#aed452f2f9f8bc8b2b0c412975051b5b
https://conda.anaconda.org/conda-forge/linux-64/python_abi-3.8-2_cp38.tar.bz2#bfbb29d517281e78ac53e48d21e6e860
https://conda.anaconda.org/conda-forge/noarch/six-1.16.0-pyh6c4a22f_0.tar.bz2#e5f25f8dbc060e9a8d912e432202afc2
https://conda.anaconda.org/conda-forge/noarch/traitlets-5.1.1-pyhd8ed1ab_0.tar.bz2#a1bc9765ef9499760e88f568b3a6622c
https://conda.anaconda.org/conda-forge/noarch/zipp-3.6.0-pyhd8ed1ab_0.tar.bz2#855e2c4622f5eb50a4f6f7167b9ba17a
https://conda.anaconda.org/conda-forge/linux-64/certifi-2021.10.8-py38h578d9bd_1.tar.bz2#52a6cee65a5d10ed1c3f0af24fb48dd3
https://conda.anaconda.org/conda-forge/linux-64/cffi-1.15.0-py38h3931269_0.tar.bz2#9c491a90ae11d08ca97326a0ed876f3a
https://conda.anaconda.org/conda-forge/linux-64/curl-7.80.0-h2574ce0_0.tar.bz2#4d8fd67e5ab7e00fde8ad085464f43b7
https://conda.anaconda.org/conda-forge/linux-64/greenlet-1.1.2-py38h709712a_1.tar.bz2#dcf19dfc362c994575eb36e73c554902
https://conda.anaconda.org/conda-forge/linux-64/importlib-metadata-4.8.2-py38h578d9bd_0.tar.bz2#01e29077412c806c0e5994de3b9710a5
https://conda.anaconda.org/conda-forge/noarch/importlib_resources-5.4.0-pyhd8ed1ab_0.tar.bz2#9fb134dbabe7851a9d71411064b2c30d
https://conda.anaconda.org/conda-forge/linux-64/markupsafe-2.0.1-py38h497a2fe_1.tar.bz2#1ef7b5f4826ca48a15e2cd98a5c3436d
https://conda.anaconda.org/conda-forge/linux-64/pycurl-7.44.1-py38h996a351_1.tar.bz2#782a335c4df1f9b00bea7b45ab18503b
https://conda.anaconda.org/conda-forge/linux-64/pyrsistent-0.18.0-py38h497a2fe_0.tar.bz2#632a5ae36837009218a49f0e15b7cb99
https://conda.anaconda.org/conda-forge/linux-64/pysocks-1.7.1-py38h578d9bd_4.tar.bz2#9c4bbee6f682f2fc7d7803df3996e77e
https://conda.anaconda.org/conda-forge/noarch/python-dateutil-2.8.2-pyhd8ed1ab_0.tar.bz2#dd999d1cc9f79e67dbb855c8924c7984
https://conda.anaconda.org/conda-forge/linux-64/ruamel.yaml.clib-0.2.6-py38h497a2fe_0.tar.bz2#bfcfe5dc66dcc3793fdb439fd0e13788
https://conda.anaconda.org/conda-forge/linux-64/setuptools-59.4.0-py38h578d9bd_0.tar.bz2#e8312f6bb6da4bb59dc5bb877636859b
https://conda.anaconda.org/conda-forge/linux-64/tornado-6.1-py38h497a2fe_2.tar.bz2#63b3b55c98b4239134e0be080f448944
https://conda.anaconda.org/conda-forge/linux-64/brotlipy-0.7.0-py38h497a2fe_1003.tar.bz2#9189b42c42b9c87b2b2068cbe31901a8
https://conda.anaconda.org/conda-forge/linux-64/cryptography-36.0.0-py38h3e25421_0.tar.bz2#c6e700a66fcdb217dafbc16276e08421
https://conda.anaconda.org/conda-forge/linux-64/git-2.34.1-pl5321hc30692c_0.tar.bz2#4f3719507f19c23f501906401279a913
https://conda.anaconda.org/conda-forge/noarch/jinja2-3.0.3-pyhd8ed1ab_0.tar.bz2#036d872c653780cb26e797e2e2f61b4c
https://conda.anaconda.org/conda-forge/noarch/jsonschema-4.2.1-pyhd8ed1ab_1.tar.bz2#e9c5071a4612b8a8888e0e4fd9ebf286
https://conda.anaconda.org/conda-forge/noarch/mako-1.1.6-pyhd8ed1ab_0.tar.bz2#cb952a55037148f6a5ddd9770ee1384f
https://conda.anaconda.org/conda-forge/linux-64/ruamel.yaml-0.17.17-py38h497a2fe_1.tar.bz2#24425d692f152e3f674cad2727d12737
https://conda.anaconda.org/conda-forge/linux-64/sqlalchemy-1.4.28-py38h497a2fe_0.tar.bz2#0045abb1ed697fb37c62dd7634a7ae3e
https://conda.anaconda.org/conda-forge/noarch/alembic-1.7.5-pyhd8ed1ab_0.tar.bz2#1102908123392ffc63c01caea136b1d4
https://conda.anaconda.org/conda-forge/noarch/jupyter_telemetry-0.1.0-pyhd8ed1ab_1.tar.bz2#bb9ebdb6d5aa2622484aff1faceee181
https://conda.anaconda.org/conda-forge/noarch/oauthlib-3.1.1-pyhd8ed1ab_0.tar.bz2#34bb0b023e083aa8a4af74311031a352
https://conda.anaconda.org/conda-forge/noarch/pyopenssl-21.0.0-pyhd8ed1ab_0.tar.bz2#8c49efecb7dca466e18b06015e8c88ce
https://conda.anaconda.org/conda-forge/noarch/certipy-0.1.3-py_0.tar.bz2#23486713ef5712923e7c57cae609b22e
https://conda.anaconda.org/conda-forge/noarch/urllib3-1.26.7-pyhd8ed1ab_0.tar.bz2#be75bab4820a56f77ba1a3fc9139c36a
https://conda.anaconda.org/conda-forge/noarch/requests-2.26.0-pyhd8ed1ab_1.tar.bz2#358581cc782802270d77c454c73a811a
https://conda.anaconda.org/conda-forge/linux-64/jupyterhub-base-1.4.2-py38h578d9bd_0.tar.bz2#3525d4ef3ef2ca54bd7173b5d91a57af
https://conda.anaconda.org/conda-forge/linux-64/jupyterhub-1.4.2-py38h578d9bd_0.tar.bz2#974851289ad00947cacec65fd478cca4
